
Microsoft Visual Studio Solution File, Format Version 12.00
# Visual Studio 14
VisualStudioVersion = 14.0.24720.0
MinimumVisualStudioVersion = 10.0.40219.1
Project("{FAE04EC0-301F-11D3-BF4B-00C04F79EFBC}") = "AngularJsAuthentication.Web", "AngularJsAuthentication\AngularJsAuthentication.Web.csproj", "{E6CE2817-41F7-44E7-A70D-23CA6DC08D1F}"
EndProject
Project("{FAE04EC0-301F-11D3-BF4B-00C04F79EFBC}") = "AngularJsAuthentication.Repository", "AngularJsAuthentication.Repository\AngularJsAuthentication.Repository.csproj", "{BE4A6ACF-1688-41F3-A779-04369E4B154F}"
EndProject
Global
	GlobalSection(SolutionConfigurationPlatforms) = preSolution
		Debug|Any CPU = Debug|Any CPU
		Release|Any CPU = Release|Any CPU
	EndGlobalSection
	GlobalSection(ProjectConfigurationPlatforms) = postSolution
		{E6CE2817-41F7-44E7-A70D-23CA6DC08D1F}.Debug|Any CPU.ActiveCfg = Debug|Any CPU
		{E6CE2817-41F7-44E7-A70D-23CA6DC08D1F}.Debug|Any CPU.Build.0 = Debug|Any CPU
		{E6CE2817-41F7-44E7-A70D-23CA6DC08D1F}.Release|Any CPU.ActiveCfg = Release|Any CPU
		{E6CE2817-41F7-44E7-A70D-23CA6DC08D1F}.Release|Any CPU.Build.0 = Release|Any CPU
		{BE4A6ACF-1688-41F3-A779-04369E4B154F}.Debug|Any CPU.ActiveCfg = Debug|Any CPU
		{BE4A6ACF-1688-41F3-A779-04369E4B154F}.Debug|Any CPU.Build.0 = Debug|Any CPU
		{BE4A6ACF-1688-41F3-A779-04369E4B154F}.Release|Any CPU.ActiveCfg = Release|Any CPU
		{BE4A6ACF-1688-41F3-A779-04369E4B154F}.Release|Any CPU.Build.0 = Release|Any CPU
	EndGlobalSection
	GlobalSection(SolutionProperties) = preSolution
		HideSolutionNode = FALSE
	EndGlobalSection
EndGlobal
